
Microsoft Visual Studio Solution File, Format Version 12.00
# Visual Studio Version 17
VisualStudioVersion = 17.8.34330.188
MinimumVisualStudioVersion = 10.0.40219.1
Project("{8BC9CEB8-8B4A-11D0-8D11-00A0C91BC942}") = "3.4第一次课", "3.4第一次课\3.4第一次课.vcxproj", "{A134475D-D2EB-4638-8F90-A6B492AF1475}"
EndProject
Global
	GlobalSection(SolutionConfigurationPlatforms) = preSolution
		Debug|x64 = Debug|x64
		Debug|x86 = Debug|x86
		Release|x64 = Release|x64
		Release|x86 = Release|x86
	EndGlobalSection
	GlobalSection(ProjectConfigurationPlatforms) = postSolution
		{A134475D-D2EB-4638-8F90-A6B492AF1475}.Debug|x64.ActiveCfg = Debug|x64
		{A134475D-D2EB-4638-8F90-A6B492AF1475}.Debug|x64.Build.0 = Debug|x64
		{A134475D-D2EB-4638-8F90-A6B492AF1475}.Debug|x86.ActiveCfg = Debug|Win32
		{A134475D-D2EB-4638-8F90-A6B492AF1475}.Debug|x86.Build.0 = Debug|Win32
		{A134475D-D2EB-4638-8F90-A6B492AF1475}.Release|x64.ActiveCfg = Release|x64
		{A134475D-D2EB-4638-8F90-A6B492AF1475}.Release|x64.Build.0 = Release|x64
		{A134475D-D2EB-4638-8F90-A6B492AF1475}.Release|x86.ActiveCfg = Release|Win32
		{A134475D-D2EB-4638-8F90-A6B492AF1475}.Release|x86.Build.0 = Release|Win32
	EndGlobalSection
	GlobalSection(SolutionProperties) = preSolution
		HideSolutionNode = FALSE
	EndGlobalSection
	GlobalSection(ExtensibilityGlobals) = postSolution
		SolutionGuid = {54FCBD2D-13A4-4B12-B7C8-11FA126384E8}
	EndGlobalSection
EndGlobal
